
Microsoft Visual Studio Solution File, Format Version 12.00
# Visual Studio Version 17
VisualStudioVersion = 17.14.36811.4 d17.14
MinimumVisualStudioVersion = 10.0.40219.1
Project("{FAE04EC0-301F-11D3-BF4B-00C04F79EFBC}") = "FileList Windows Client", "FileList Windows Client.csproj", "{1B219F5E-B07C-4DD8-848C-AFC7D1ABD70F}"
EndProject
Global
	GlobalSection(SolutionConfigurationPlatforms) = preSolution
		Debug|Any CPU = Debug|Any CPU
		Release|Any CPU = Release|Any CPU
	EndGlobalSection
	GlobalSection(ProjectConfigurationPlatforms) = postSolution
		{1B219F5E-B07C-4DD8-848C-AFC7D1ABD70F}.Debug|Any CPU.ActiveCfg = Debug|Any CPU
		{1B219F5E-B07C-4DD8-848C-AFC7D1ABD70F}.Debug|Any CPU.Build.0 = Debug|Any CPU
		{1B219F5E-B07C-4DD8-848C-AFC7D1ABD70F}.Release|Any CPU.ActiveCfg = Release|Any CPU
		{1B219F5E-B07C-4DD8-848C-AFC7D1ABD70F}.Release|Any CPU.Build.0 = Release|Any CPU
	EndGlobalSection
	GlobalSection(SolutionProperties) = preSolution
		HideSolutionNode = FALSE
	EndGlobalSection
	GlobalSection(ExtensibilityGlobals) = postSolution
		SolutionGuid = {AB654B15-D2D5-4F96-8141-09C44B938B1E}
	EndGlobalSection
EndGlobal
